
Microsoft Visual Studio Solution File, Format Version 10.00
# Visual Studio 2008
Project("{E24C65DC-7377-472B-9ABA-BC803B73C61A}") = "RISWebSite", ".", "{F3BDC3B4-44F8-40E7-AD4F-3832BB4106D9}"
	ProjectSection(WebsiteProperties) = preProject
		TargetFramework = "3.5"
		ProjectReferences = "{AB71670C-54BA-42F1-91AD-5881C49ED956}|RISLibrary.dll;"
		Debug.AspNetCompiler.VirtualPath = "/RISWebSite"
		Debug.AspNetCompiler.PhysicalPath = "F:\MyProjects\RIS\trunk\RISWebSite\"
		Debug.AspNetCompiler.TargetPath = "PrecompiledWeb\RISWebSite\"
		Debug.AspNetCompiler.Updateable = "true"
		Debug.AspNetCompiler.ForceOverwrite = "true"
		Debug.AspNetCompiler.FixedNames = "false"
		Debug.AspNetCompiler.Debug = "True"
		Release.AspNetCompiler.VirtualPath = "/RISWebSite"
		Release.AspNetCompiler.PhysicalPath = "F:\MyProjects\RIS\trunk\RISWebSite\"
		Release.AspNetCompiler.TargetPath = "PrecompiledWeb\RISWebSite\"
		Release.AspNetCompiler.Updateable = "true"
		Release.AspNetCompiler.ForceOverwrite = "true"
		Release.AspNetCompiler.FixedNames = "false"
		Release.AspNetCompiler.Debug = "False"
		VWDPort = "1148"
	EndProjectSection
EndProject
Project("{FAE04EC0-301F-11D3-BF4B-00C04F79EFBC}") = "RISLibrary", "..\RISLibrary\RISLibrary.csproj", "{AB71670C-54BA-42F1-91AD-5881C49ED956}"
EndProject
Global
	GlobalSection(SolutionConfigurationPlatforms) = preSolution
		Debug|.NET = Debug|.NET
		Debug|Any CPU = Debug|Any CPU
		Debug|Mixed Platforms = Debug|Mixed Platforms
		Release|.NET = Release|.NET
		Release|Any CPU = Release|Any CPU
		Release|Mixed Platforms = Release|Mixed Platforms
	EndGlobalSection
	GlobalSection(ProjectConfigurationPlatforms) = postSolution
		{F3BDC3B4-44F8-40E7-AD4F-3832BB4106D9}.Debug|.NET.ActiveCfg = Debug|.NET
		{F3BDC3B4-44F8-40E7-AD4F-3832BB4106D9}.Debug|.NET.Build.0 = Debug|.NET
		{F3BDC3B4-44F8-40E7-AD4F-3832BB4106D9}.Debug|Any CPU.ActiveCfg = Debug|.NET
		{F3BDC3B4-44F8-40E7-AD4F-3832BB4106D9}.Debug|Mixed Platforms.ActiveCfg = Debug|.NET
		{F3BDC3B4-44F8-40E7-AD4F-3832BB4106D9}.Debug|Mixed Platforms.Build.0 = Debug|.NET
		{F3BDC3B4-44F8-40E7-AD4F-3832BB4106D9}.Release|.NET.ActiveCfg = Debug|.NET
		{F3BDC3B4-44F8-40E7-AD4F-3832BB4106D9}.Release|.NET.Build.0 = Debug|.NET
		{F3BDC3B4-44F8-40E7-AD4F-3832BB4106D9}.Release|Any CPU.ActiveCfg = Debug|.NET
		{F3BDC3B4-44F8-40E7-AD4F-3832BB4106D9}.Release|Mixed Platforms.ActiveCfg = Debug|.NET
		{F3BDC3B4-44F8-40E7-AD4F-3832BB4106D9}.Release|Mixed Platforms.Build.0 = Debug|.NET
		{AB71670C-54BA-42F1-91AD-5881C49ED956}.Debug|.NET.ActiveCfg = Debug|Any CPU
		{AB71670C-54BA-42F1-91AD-5881C49ED956}.Debug|Any CPU.ActiveCfg = Debug|Any CPU
		{AB71670C-54BA-42F1-91AD-5881C49ED956}.Debug|Any CPU.Build.0 = Debug|Any CPU
		{AB71670C-54BA-42F1-91AD-5881C49ED956}.Debug|Mixed Platforms.ActiveCfg = Debug|Any CPU
		{AB71670C-54BA-42F1-91AD-5881C49ED956}.Debug|Mixed Platforms.Build.0 = Debug|Any CPU
		{AB71670C-54BA-42F1-91AD-5881C49ED956}.Release|.NET.ActiveCfg = Release|Any CPU
		{AB71670C-54BA-42F1-91AD-5881C49ED956}.Release|Any CPU.ActiveCfg = Release|Any CPU
		{AB71670C-54BA-42F1-91AD-5881C49ED956}.Release|Any CPU.Build.0 = Release|Any CPU
		{AB71670C-54BA-42F1-91AD-5881C49ED956}.Release|Mixed Platforms.ActiveCfg = Release|Any CPU
		{AB71670C-54BA-42F1-91AD-5881C49ED956}.Release|Mixed Platforms.Build.0 = Release|Any CPU
	EndGlobalSection
	GlobalSection(SolutionProperties) = preSolution
		HideSolutionNode = FALSE
	EndGlobalSection
EndGlobal
