
Microsoft Visual Studio Solution File, Format Version 9.00
# Visual Studio 2005
Project("{FAE04EC0-301F-11D3-BF4B-00C04F79EFBC}") = "RISDataMigrationService", "RISDataMigrationService.csproj", "{DE41733E-99E6-442D-A4A7-99850A0EB3AD}"
EndProject
Project("{54435603-DBB4-11D2-8724-00A0C9A8B90C}") = "RISDataMigrationServiceSetup", "..\RISDataMigrationServiceSetup\RISDataMigrationServiceSetup.vdproj", "{EE68E784-F214-4664-9DDD-6D17453B2412}"
EndProject
Global
	GlobalSection(SolutionConfigurationPlatforms) = preSolution
		Debug|Any CPU = Debug|Any CPU
		Release|Any CPU = Release|Any CPU
	EndGlobalSection
	GlobalSection(ProjectConfigurationPlatforms) = postSolution
		{DE41733E-99E6-442D-A4A7-99850A0EB3AD}.Debug|Any CPU.ActiveCfg = Debug|Any CPU
		{DE41733E-99E6-442D-A4A7-99850A0EB3AD}.Debug|Any CPU.Build.0 = Debug|Any CPU
		{DE41733E-99E6-442D-A4A7-99850A0EB3AD}.Release|Any CPU.ActiveCfg = Release|Any CPU
		{DE41733E-99E6-442D-A4A7-99850A0EB3AD}.Release|Any CPU.Build.0 = Release|Any CPU
		{EE68E784-F214-4664-9DDD-6D17453B2412}.Debug|Any CPU.ActiveCfg = Debug
		{EE68E784-F214-4664-9DDD-6D17453B2412}.Release|Any CPU.ActiveCfg = Release
	EndGlobalSection
	GlobalSection(SolutionProperties) = preSolution
		HideSolutionNode = FALSE
	EndGlobalSection
EndGlobal
