
Microsoft Visual Studio Solution File, Format Version 9.00
# Visual Studio 2005
Project("{8BC9CEB8-8B4A-11D0-8D11-00A0C91BC942}") = "CustomeMessageExample", "CustomeMessageExample\CustomeMessageExample.vcproj", "{A1543F37-DE6E-416F-8F22-55BB07918674}"
EndProject
Project("{54435603-DBB4-11D2-8724-00A0C9A8B90C}") = "EFlimActiveX", "EFlimActiveX\EFlimActiveX.vdproj", "{01391A8B-E4BB-4885-A031-F1CBC2759A62}"
EndProject
Global
	GlobalSection(SolutionConfigurationPlatforms) = preSolution
		Debug|Win32 = Debug|Win32
		Release|Win32 = Release|Win32
	EndGlobalSection
	GlobalSection(ProjectConfigurationPlatforms) = postSolution
		{A1543F37-DE6E-416F-8F22-55BB07918674}.Debug|Win32.ActiveCfg = Debug|Win32
		{A1543F37-DE6E-416F-8F22-55BB07918674}.Debug|Win32.Build.0 = Debug|Win32
		{A1543F37-DE6E-416F-8F22-55BB07918674}.Release|Win32.ActiveCfg = Release|Win32
		{A1543F37-DE6E-416F-8F22-55BB07918674}.Release|Win32.Build.0 = Release|Win32
		{01391A8B-E4BB-4885-A031-F1CBC2759A62}.Debug|Win32.ActiveCfg = Debug
		{01391A8B-E4BB-4885-A031-F1CBC2759A62}.Debug|Win32.Build.0 = Debug
		{01391A8B-E4BB-4885-A031-F1CBC2759A62}.Release|Win32.ActiveCfg = Release
		{01391A8B-E4BB-4885-A031-F1CBC2759A62}.Release|Win32.Build.0 = Release
	EndGlobalSection
	GlobalSection(SolutionProperties) = preSolution
		HideSolutionNode = FALSE
	EndGlobalSection
EndGlobal
